
Microsoft Visual Studio Solution File, Format Version 12.00
Project("{FAE04EC0-301F-11D3-BF4B-00C04F79EFBC}") = "Insperex.EventHorizon.EventStreaming", "src\Insperex.EventHorizon.EventStreaming\Insperex.EventHorizon.EventStreaming.csproj", "{EA54ECBF-4EF2-47D1-A12C-E31A5D3AD90F}"
EndProject
Project("{2150E333-8FDC-42A3-9474-1A3956D46DE8}") = "src", "src", "{8818B7D8-62A2-4ED9-BE26-2979D0194FAE}"
EndProject
Project("{FAE04EC0-301F-11D3-BF4B-00C04F79EFBC}") = "Insperex.EventHorizon.EventStreaming.Pulsar", "src\Insperex.EventHorizon.EventStreaming.Pulsar\Insperex.EventHorizon.EventStreaming.Pulsar.csproj", "{5C19AB32-02AE-45C3-A557-FD5CDBCF05AE}"
EndProject
Project("{2150E333-8FDC-42A3-9474-1A3956D46DE8}") = "test", "test", "{E659EE4E-FE5F-4D60-BF2F-BC4DA6581EB1}"
EndProject
Project("{FAE04EC0-301F-11D3-BF4B-00C04F79EFBC}") = "Insperex.EventHorizon.EventStreaming.InMemory", "src\Insperex.EventHorizon.EventStreaming.InMemory\Insperex.EventHorizon.EventStreaming.InMemory.csproj", "{3567202F-991B-4839-B46D-609D62C61981}"
EndProject
Project("{FAE04EC0-301F-11D3-BF4B-00C04F79EFBC}") = "Insperex.EventHorizon.EventStreaming.Test", "test\Insperex.EventHorizon.EventStreaming.Test\Insperex.EventHorizon.EventStreaming.Test.csproj", "{637747D0-14E5-4FF1-AA23-CF24522E8D24}"
EndProject
Project("{2150E333-8FDC-42A3-9474-1A3956D46DE8}") = "benchmark", "benchmark", "{E9CCCAF1-5047-4B4A-9C02-1C79E0AFFC2F}"
EndProject
Project("{FAE04EC0-301F-11D3-BF4B-00C04F79EFBC}") = "Insperex.EventHorizon.EventStreaming.Benchmark", "benchmark\Insperex.EventHorizon.EventStreaming.Benchmark\Insperex.EventHorizon.EventStreaming.Benchmark.csproj", "{35E1C757-E1A0-476C-A1B7-E3BEAD592B3A}"
EndProject
Project("{FAE04EC0-301F-11D3-BF4B-00C04F79EFBC}") = "Insperex.EventHorizon.EventStore", "src\Insperex.EventHorizon.EventStore\Insperex.EventHorizon.EventStore.csproj", "{390644DF-E85C-4277-9C59-2F900D1946F4}"
EndProject
Project("{FAE04EC0-301F-11D3-BF4B-00C04F79EFBC}") = "Insperex.EventHorizon.EventStore.InMemory", "src\Insperex.EventHorizon.EventStore.InMemory\Insperex.EventHorizon.EventStore.InMemory.csproj", "{CE15F3CA-61DE-41C7-A9FE-F17D809FB7EA}"
EndProject
Project("{FAE04EC0-301F-11D3-BF4B-00C04F79EFBC}") = "Insperex.EventHorizon.EventSourcing", "src\Insperex.EventHorizon.EventSourcing\Insperex.EventHorizon.EventSourcing.csproj", "{7652D903-3CC7-485E-88B2-1FED241180C9}"
EndProject
Project("{FAE04EC0-301F-11D3-BF4B-00C04F79EFBC}") = "Insperex.EventHorizon.EventStore.Test", "test\Insperex.EventHorizon.EventStore.Test\Insperex.EventHorizon.EventStore.Test.csproj", "{C1994476-ED81-49D4-9A64-760EB58BFD09}"
EndProject
Project("{FAE04EC0-301F-11D3-BF4B-00C04F79EFBC}") = "Insperex.EventHorizon.EventStore.MongoDb", "src\Insperex.EventHorizon.EventStore.MongoDb\Insperex.EventHorizon.EventStore.MongoDb.csproj", "{EEC3C846-9AFB-49F5-917B-4794D8E9259B}"
EndProject
Project("{FAE04EC0-301F-11D3-BF4B-00C04F79EFBC}") = "Insperex.EventHorizon.EventStore.Benchmark", "benchmark\Insperex.EventHorizon.EventStore.Benchmark\Insperex.EventHorizon.EventStore.Benchmark.csproj", "{4E5E437D-406C-4DA5-ACFB-294A5E004BA2}"
EndProject
Project("{FAE04EC0-301F-11D3-BF4B-00C04F79EFBC}") = "Insperex.EventHorizon.EventSourcing.Test", "test\Insperex.EventHorizon.EventSourcing.Test\Insperex.EventHorizon.EventSourcing.Test.csproj", "{453EB397-3EDA-41A7-8860-DB8FC42866D7}"
EndProject
Project("{FAE04EC0-301F-11D3-BF4B-00C04F79EFBC}") = "Insperex.EventHorizon.EventStore.ElasticSearch", "src\Insperex.EventHorizon.EventStore.ElasticSearch\Insperex.EventHorizon.EventStore.ElasticSearch.csproj", "{6A5510FF-442A-44D0-BEFA-C63A275F0FB4}"
EndProject
Project("{FAE04EC0-301F-11D3-BF4B-00C04F79EFBC}") = "Insperex.EventHorizon.Abstractions", "src\Insperex.EventHorizon.Abstractions\Insperex.EventHorizon.Abstractions.csproj", "{99B78DA5-244B-4B1A-A56D-48DC31C282DF}"
EndProject
Project("{2150E333-8FDC-42A3-9474-1A3956D46DE8}") = "samples", "samples", "{C2A2DA7E-F795-4F54-A6E9-CCA1755BE199}"
EndProject
Project("{FAE04EC0-301F-11D3-BF4B-00C04F79EFBC}") = "Insperex.EventHorizon.EventSourcing.Samples", "samples\Insperex.EventHorizon.EventSourcing.Samples\Insperex.EventHorizon.EventSourcing.Samples.csproj", "{71B20657-A8A5-46A3-A954-3D3AD9A50CD7}"
EndProject
Project("{FAE04EC0-301F-11D3-BF4B-00C04F79EFBC}") = "Insperex.EventHorizon.EventStreaming.Samples", "samples\Insperex.EventHorizon.EventStreaming.Samples\Insperex.EventHorizon.EventStreaming.Samples.csproj", "{F6B5F4AF-ACF0-4F50-AE5B-B8FCAF5389CD}"
EndProject
Project("{FAE04EC0-301F-11D3-BF4B-00C04F79EFBC}") = "Insperex.EventHorizon.Tool.LegacyMigration", "src\Insperex.EventHorizon.Tool.LegacyMigration\Insperex.EventHorizon.Tool.LegacyMigration.csproj", "{8B1E3D6E-4C3B-4D71-819F-C9CE00951960}"
EndProject
Project("{2150E333-8FDC-42A3-9474-1A3956D46DE8}") = "compose", "compose", "{FC21CBB4-969E-4767-B2D4-D5B44C21293A}"
	ProjectSection(SolutionItems) = preProject
		compose\ElasticSearch\docker-compose.yml = compose\ElasticSearch\docker-compose.yml
		compose\Ignite\docker-compose.yml = compose\Ignite\docker-compose.yml
		compose\MongoDb\docker-compose.yml = compose\MongoDb\docker-compose.yml
		compose\Pulsar\docker-compose.yml = compose\Pulsar\docker-compose.yml
	EndProjectSection
EndProject
Global
	GlobalSection(SolutionConfigurationPlatforms) = preSolution
		Debug|Any CPU = Debug|Any CPU
		Release|Any CPU = Release|Any CPU
	EndGlobalSection
	GlobalSection(ProjectConfigurationPlatforms) = postSolution
		{EA54ECBF-4EF2-47D1-A12C-E31A5D3AD90F}.Debug|Any CPU.ActiveCfg = Debug|Any CPU
		{EA54ECBF-4EF2-47D1-A12C-E31A5D3AD90F}.Debug|Any CPU.Build.0 = Debug|Any CPU
		{EA54ECBF-4EF2-47D1-A12C-E31A5D3AD90F}.Release|Any CPU.ActiveCfg = Release|Any CPU
		{EA54ECBF-4EF2-47D1-A12C-E31A5D3AD90F}.Release|Any CPU.Build.0 = Release|Any CPU
		{5C19AB32-02AE-45C3-A557-FD5CDBCF05AE}.Debug|Any CPU.ActiveCfg = Debug|Any CPU
		{5C19AB32-02AE-45C3-A557-FD5CDBCF05AE}.Debug|Any CPU.Build.0 = Debug|Any CPU
		{5C19AB32-02AE-45C3-A557-FD5CDBCF05AE}.Release|Any CPU.ActiveCfg = Release|Any CPU
		{5C19AB32-02AE-45C3-A557-FD5CDBCF05AE}.Release|Any CPU.Build.0 = Release|Any CPU
		{3567202F-991B-4839-B46D-609D62C61981}.Debug|Any CPU.ActiveCfg = Debug|Any CPU
		{3567202F-991B-4839-B46D-609D62C61981}.Debug|Any CPU.Build.0 = Debug|Any CPU
		{3567202F-991B-4839-B46D-609D62C61981}.Release|Any CPU.ActiveCfg = Release|Any CPU
		{3567202F-991B-4839-B46D-609D62C61981}.Release|Any CPU.Build.0 = Release|Any CPU
		{637747D0-14E5-4FF1-AA23-CF24522E8D24}.Debug|Any CPU.ActiveCfg = Debug|Any CPU
		{637747D0-14E5-4FF1-AA23-CF24522E8D24}.Debug|Any CPU.Build.0 = Debug|Any CPU
		{637747D0-14E5-4FF1-AA23-CF24522E8D24}.Release|Any CPU.ActiveCfg = Release|Any CPU
		{637747D0-14E5-4FF1-AA23-CF24522E8D24}.Release|Any CPU.Build.0 = Release|Any CPU
		{35E1C757-E1A0-476C-A1B7-E3BEAD592B3A}.Debug|Any CPU.ActiveCfg = Debug|Any CPU
		{35E1C757-E1A0-476C-A1B7-E3BEAD592B3A}.Debug|Any CPU.Build.0 = Debug|Any CPU
		{35E1C757-E1A0-476C-A1B7-E3BEAD592B3A}.Release|Any CPU.ActiveCfg = Release|Any CPU
		{35E1C757-E1A0-476C-A1B7-E3BEAD592B3A}.Release|Any CPU.Build.0 = Release|Any CPU
		{390644DF-E85C-4277-9C59-2F900D1946F4}.Debug|Any CPU.ActiveCfg = Debug|Any CPU
		{390644DF-E85C-4277-9C59-2F900D1946F4}.Debug|Any CPU.Build.0 = Debug|Any CPU
		{390644DF-E85C-4277-9C59-2F900D1946F4}.Release|Any CPU.ActiveCfg = Release|Any CPU
		{390644DF-E85C-4277-9C59-2F900D1946F4}.Release|Any CPU.Build.0 = Release|Any CPU
		{CE15F3CA-61DE-41C7-A9FE-F17D809FB7EA}.Debug|Any CPU.ActiveCfg = Debug|Any CPU
		{CE15F3CA-61DE-41C7-A9FE-F17D809FB7EA}.Debug|Any CPU.Build.0 = Debug|Any CPU
		{CE15F3CA-61DE-41C7-A9FE-F17D809FB7EA}.Release|Any CPU.ActiveCfg = Release|Any CPU
		{CE15F3CA-61DE-41C7-A9FE-F17D809FB7EA}.Release|Any CPU.Build.0 = Release|Any CPU
		{7652D903-3CC7-485E-88B2-1FED241180C9}.Debug|Any CPU.ActiveCfg = Debug|Any CPU
		{7652D903-3CC7-485E-88B2-1FED241180C9}.Debug|Any CPU.Build.0 = Debug|Any CPU
		{7652D903-3CC7-485E-88B2-1FED241180C9}.Release|Any CPU.ActiveCfg = Release|Any CPU
		{7652D903-3CC7-485E-88B2-1FED241180C9}.Release|Any CPU.Build.0 = Release|Any CPU
		{C1994476-ED81-49D4-9A64-760EB58BFD09}.Debug|Any CPU.ActiveCfg = Debug|Any CPU
		{C1994476-ED81-49D4-9A64-760EB58BFD09}.Debug|Any CPU.Build.0 = Debug|Any CPU
		{C1994476-ED81-49D4-9A64-760EB58BFD09}.Release|Any CPU.ActiveCfg = Release|Any CPU
		{C1994476-ED81-49D4-9A64-760EB58BFD09}.Release|Any CPU.Build.0 = Release|Any CPU
		{EEC3C846-9AFB-49F5-917B-4794D8E9259B}.Debug|Any CPU.ActiveCfg = Debug|Any CPU
		{EEC3C846-9AFB-49F5-917B-4794D8E9259B}.Debug|Any CPU.Build.0 = Debug|Any CPU
		{EEC3C846-9AFB-49F5-917B-4794D8E9259B}.Release|Any CPU.ActiveCfg = Release|Any CPU
		{EEC3C846-9AFB-49F5-917B-4794D8E9259B}.Release|Any CPU.Build.0 = Release|Any CPU
		{4E5E437D-406C-4DA5-ACFB-294A5E004BA2}.Debug|Any CPU.ActiveCfg = Debug|Any CPU
		{4E5E437D-406C-4DA5-ACFB-294A5E004BA2}.Debug|Any CPU.Build.0 = Debug|Any CPU
		{4E5E437D-406C-4DA5-ACFB-294A5E004BA2}.Release|Any CPU.ActiveCfg = Release|Any CPU
		{4E5E437D-406C-4DA5-ACFB-294A5E004BA2}.Release|Any CPU.Build.0 = Release|Any CPU
		{453EB397-3EDA-41A7-8860-DB8FC42866D7}.Debug|Any CPU.ActiveCfg = Debug|Any CPU
		{453EB397-3EDA-41A7-8860-DB8FC42866D7}.Debug|Any CPU.Build.0 = Debug|Any CPU
		{453EB397-3EDA-41A7-8860-DB8FC42866D7}.Release|Any CPU.ActiveCfg = Release|Any CPU
		{453EB397-3EDA-41A7-8860-DB8FC42866D7}.Release|Any CPU.Build.0 = Release|Any CPU
		{6A5510FF-442A-44D0-BEFA-C63A275F0FB4}.Debug|Any CPU.ActiveCfg = Debug|Any CPU
		{6A5510FF-442A-44D0-BEFA-C63A275F0FB4}.Debug|Any CPU.Build.0 = Debug|Any CPU
		{6A5510FF-442A-44D0-BEFA-C63A275F0FB4}.Release|Any CPU.ActiveCfg = Release|Any CPU
		{6A5510FF-442A-44D0-BEFA-C63A275F0FB4}.Release|Any CPU.Build.0 = Release|Any CPU
		{99B78DA5-244B-4B1A-A56D-48DC31C282DF}.Debug|Any CPU.ActiveCfg = Debug|Any CPU
		{99B78DA5-244B-4B1A-A56D-48DC31C282DF}.Debug|Any CPU.Build.0 = Debug|Any CPU
		{99B78DA5-244B-4B1A-A56D-48DC31C282DF}.Release|Any CPU.ActiveCfg = Release|Any CPU
		{99B78DA5-244B-4B1A-A56D-48DC31C282DF}.Release|Any CPU.Build.0 = Release|Any CPU
		{71B20657-A8A5-46A3-A954-3D3AD9A50CD7}.Debug|Any CPU.ActiveCfg = Debug|Any CPU
		{71B20657-A8A5-46A3-A954-3D3AD9A50CD7}.Debug|Any CPU.Build.0 = Debug|Any CPU
		{71B20657-A8A5-46A3-A954-3D3AD9A50CD7}.Release|Any CPU.ActiveCfg = Release|Any CPU
		{71B20657-A8A5-46A3-A954-3D3AD9A50CD7}.Release|Any CPU.Build.0 = Release|Any CPU
		{F6B5F4AF-ACF0-4F50-AE5B-B8FCAF5389CD}.Debug|Any CPU.ActiveCfg = Debug|Any CPU
		{F6B5F4AF-ACF0-4F50-AE5B-B8FCAF5389CD}.Debug|Any CPU.Build.0 = Debug|Any CPU
		{F6B5F4AF-ACF0-4F50-AE5B-B8FCAF5389CD}.Release|Any CPU.ActiveCfg = Release|Any CPU
		{F6B5F4AF-ACF0-4F50-AE5B-B8FCAF5389CD}.Release|Any CPU.Build.0 = Release|Any CPU
		{8B1E3D6E-4C3B-4D71-819F-C9CE00951960}.Debug|Any CPU.ActiveCfg = Debug|Any CPU
		{8B1E3D6E-4C3B-4D71-819F-C9CE00951960}.Debug|Any CPU.Build.0 = Debug|Any CPU
		{8B1E3D6E-4C3B-4D71-819F-C9CE00951960}.Release|Any CPU.ActiveCfg = Release|Any CPU
		{8B1E3D6E-4C3B-4D71-819F-C9CE00951960}.Release|Any CPU.Build.0 = Release|Any CPU
	EndGlobalSection
	GlobalSection(NestedProjects) = preSolution
		{EA54ECBF-4EF2-47D1-A12C-E31A5D3AD90F} = {8818B7D8-62A2-4ED9-BE26-2979D0194FAE}
		{5C19AB32-02AE-45C3-A557-FD5CDBCF05AE} = {8818B7D8-62A2-4ED9-BE26-2979D0194FAE}
		{3567202F-991B-4839-B46D-609D62C61981} = {8818B7D8-62A2-4ED9-BE26-2979D0194FAE}
		{637747D0-14E5-4FF1-AA23-CF24522E8D24} = {E659EE4E-FE5F-4D60-BF2F-BC4DA6581EB1}
		{35E1C757-E1A0-476C-A1B7-E3BEAD592B3A} = {E9CCCAF1-5047-4B4A-9C02-1C79E0AFFC2F}
		{390644DF-E85C-4277-9C59-2F900D1946F4} = {8818B7D8-62A2-4ED9-BE26-2979D0194FAE}
		{CE15F3CA-61DE-41C7-A9FE-F17D809FB7EA} = {8818B7D8-62A2-4ED9-BE26-2979D0194FAE}
		{7652D903-3CC7-485E-88B2-1FED241180C9} = {8818B7D8-62A2-4ED9-BE26-2979D0194FAE}
		{C1994476-ED81-49D4-9A64-760EB58BFD09} = {E659EE4E-FE5F-4D60-BF2F-BC4DA6581EB1}
		{EEC3C846-9AFB-49F5-917B-4794D8E9259B} = {8818B7D8-62A2-4ED9-BE26-2979D0194FAE}
		{4E5E437D-406C-4DA5-ACFB-294A5E004BA2} = {E9CCCAF1-5047-4B4A-9C02-1C79E0AFFC2F}
		{453EB397-3EDA-41A7-8860-DB8FC42866D7} = {E659EE4E-FE5F-4D60-BF2F-BC4DA6581EB1}
		{6A5510FF-442A-44D0-BEFA-C63A275F0FB4} = {8818B7D8-62A2-4ED9-BE26-2979D0194FAE}
		{99B78DA5-244B-4B1A-A56D-48DC31C282DF} = {8818B7D8-62A2-4ED9-BE26-2979D0194FAE}
		{71B20657-A8A5-46A3-A954-3D3AD9A50CD7} = {C2A2DA7E-F795-4F54-A6E9-CCA1755BE199}
		{F6B5F4AF-ACF0-4F50-AE5B-B8FCAF5389CD} = {C2A2DA7E-F795-4F54-A6E9-CCA1755BE199}
		{8B1E3D6E-4C3B-4D71-819F-C9CE00951960} = {8818B7D8-62A2-4ED9-BE26-2979D0194FAE}
	EndGlobalSection
EndGlobal
